{
  "name": "byot-upstream-e2e",
  "lockfileVersion": 3,
  "requires": true,
  "packages": {
    "": {
      "name": "byot-upstream-e2e",
      "dependencies": {
        "@opencode-ai/cli": "0.0.0-beta-19271",
        "opencode-ai": "1.18.29"
      }
    },
    "node_modules/@opencode-ai/cli": {
      "version": "0.0.0-beta-19271",
      "resolved": "https://registry.npmjs.org/@opencode-ai/cli/-/cli-0.0.0-beta-19271.tgz",
      "integrity": "sha512-n1QkNyeDOTroOn0UOftJKFTdg7sLruqSS7wKGT5YB6qCqZiZE7udFs8fL8JcFAFs4ZYQoneQlnSJho7ABQKWAg==",
      "cpu": [
        "arm64",
        "x64"
      ],
      "hasInstallScript": true,
      "license": "MIT",
      "os": [
        "darwin",
        "linux",
        "win32"
      ],
      "bin": {
        "opencode2": "bin/opencode2.exe"
      },
      "optionalDependencies": {
        "@opencode-ai/cli-darwin-arm64": "0.0.0-beta-19271",
        "@opencode-ai/cli-darwin-x64": "0.0.0-beta-19271",
        "@opencode-ai/cli-darwin-x64-baseline": "0.0.0-beta-19271",
        "@opencode-ai/cli-linux-arm64": "0.0.0-beta-19271",
        "@opencode-ai/cli-linux-arm64-musl": "0.0.0-beta-19271",
        "@opencode-ai/cli-linux-x64": "0.0.0-beta-19271",
        "@opencode-ai/cli-linux-x64-baseline": "0.0.0-beta-19271",
        "@opencode-ai/cli-linux-x64-baseline-musl": "0.0.0-beta-19271",
        "@opencode-ai/cli-linux-x64-musl": "0.0.0-beta-19271",
        "@opencode-ai/cli-windows-arm64": "0.0.0-beta-19271",
        "@opencode-ai/cli-windows-x64": "0.0.0-beta-19271",
        "@opencode-ai/cli-windows-x64-baseline": "0.0.0-beta-19271"
      }
    },
    "node_modules/@opencode-ai/cli-darwin-arm64": {
      "version": "0.0.0-beta-19271",
      "resolved": "https://registry.npmjs.org/@opencode-ai/cli-darwin-arm64/-/cli-darwin-arm64-0.0.0-beta-19271.tgz",
      "integrity": "sha512-CHfMY/7pPq4Andvrif34tC/N9mFppSujjscVISVOSMc/twAvkIGGfDUZgU65qHDsifSnt6+IJr3NZ2AbPzWOfA==",
      "cpu": [
        "arm64"
      ],
      "license": "MIT",
      "optional": true,
      "os": [
        "darwin"
      ]
    },
    "node_modules/@opencode-ai/cli-darwin-x64": {
      "version": "0.0.0-beta-19271",
      "resolved": "https://registry.npmjs.org/@opencode-ai/cli-darwin-x64/-/cli-darwin-x64-0.0.0-beta-19271.tgz",
      "integrity": "sha512-ZHQWqTBnDpyg78pMPYPBECEm6Qj8HpFKl3exSFPwbUDt8Gi1ixxsaggVIRpvOAOR/XdtbUj6eXwEtRHMZ2EmUw==",
      "cpu": [
        "x64"
      ],
      "license": "MIT",
      "optional": true,
      "os": [
        "darwin"
      ]
    },
    "node_modules/@opencode-ai/cli-darwin-x64-baseline": {
      "version": "0.0.0-beta-19271",
      "resolved": "https://registry.npmjs.org/@opencode-ai/cli-darwin-x64-baseline/-/cli-darwin-x64-baseline-0.0.0-beta-19271.tgz",
      "integrity": "sha512-lhxjdTMnly2zb88/yOQHJwaDgvKH8kyCrmHIBnOiYexYW394EGwmxHjHkQRWfrgXXRk9vqzKHw8ldx0ust0Msw==",
      "cpu": [
        "x64"
      ],
      "license": "MIT",
      "optional": true,
      "os": [
        "darwin"
      ]
    },
    "node_modules/@opencode-ai/cli-linux-arm64": {
      "version": "0.0.0-beta-19271",
      "resolved": "https://registry.npmjs.org/@opencode-ai/cli-linux-arm64/-/cli-linux-arm64-0.0.0-beta-19271.tgz",
      "integrity": "sha512-0WIzqvdgTUwUaQK5cXibZauGbRW7NZcuXGrA8dMsRWmAyONKDCnI9LbSXigGwc1RkGeRJrLtP/Xwmc8UCeXoJA==",
      "cpu": [
        "arm64"
      ],
      "license": "MIT",
      "optional": true,
      "os": [
        "linux"
      ]
    },
    "node_modules/@opencode-ai/cli-linux-arm64-musl": {
      "version": "0.0.0-beta-19271",
      "resolved": "https://registry.npmjs.org/@opencode-ai/cli-linux-arm64-musl/-/cli-linux-arm64-musl-0.0.0-beta-19271.tgz",
      "integrity": "sha512-YntKMzxo9lAQXdMZ+faChBWIV5D2fIfSdw7nXvMI78/7JHgQE4aOpFhY+Vbc0hluJpy81VhtRsYAjlUA2d6B3Q==",
      "cpu": [
        "arm64"
      ],
      "license": "MIT",
      "optional": true,
      "os": [
        "linux"
      ]
    },
    "node_modules/@opencode-ai/cli-linux-x64": {
      "version": "0.0.0-beta-19271",
      "resolved": "https://registry.npmjs.org/@opencode-ai/cli-linux-x64/-/cli-linux-x64-0.0.0-beta-19271.tgz",
      "integrity": "sha512-eZxNRstEUCxYk+L6PqtZ8GdLnCi6076N490QAi2pY93qqD6+qg99OF5B1jRBF2mI/ysfCzXlrQtLNE+JfyuXRQ==",
      "cpu": [
        "x64"
      ],
      "license": "MIT",
      "optional": true,
      "os": [
        "linux"
      ]
    },
    "node_modules/@opencode-ai/cli-linux-x64-baseline": {
      "version": "0.0.0-beta-19271",
      "resolved": "https://registry.npmjs.org/@opencode-ai/cli-linux-x64-baseline/-/cli-linux-x64-baseline-0.0.0-beta-19271.tgz",
      "integrity": "sha512-o0rfUrWksGpmUw7lsN208wT79jb9oBeiMVVtYPNKqhCRvkPuSYOiDv8aYjX7OPW2xtcxUpz8eS78mjvGDjKw0g==",
      "cpu": [
        "x64"
      ],
      "license": "MIT",
      "optional": true,
      "os": [
        "linux"
      ]
    },
    "node_modules/@opencode-ai/cli-linux-x64-baseline-musl": {
      "version": "0.0.0-beta-19271",
      "resolved": "https://registry.npmjs.org/@opencode-ai/cli-linux-x64-baseline-musl/-/cli-linux-x64-baseline-musl-0.0.0-beta-19271.tgz",
      "integrity": "sha512-l81mUfb7SgEr/EylzuBVPfM0GAXc8+FdSZteYTLDoqc1ha7QFY1YpjdPAklxDyDI4lXejaFP8TIP+A+PuEeN7A==",
      "cpu": [
        "x64"
      ],
      "license": "MIT",
      "optional": true,
      "os": [
        "linux"
      ]
    },
    "node_modules/@opencode-ai/cli-linux-x64-musl": {
      "version": "0.0.0-beta-19271",
      "resolved": "https://registry.npmjs.org/@opencode-ai/cli-linux-x64-musl/-/cli-linux-x64-musl-0.0.0-beta-19271.tgz",
      "integrity": "sha512-iwCgcAWWPmSu7cWyF+WJeT+w5UizfAV7vljUvow9AHlB+GrN8pU8YunMqSoXG/gbfkfulvAmqmT8DFHU4dvegg==",
      "cpu": [
        "x64"
      ],
      "license": "MIT",
      "optional": true,
      "os": [
        "linux"
      ]
    },
    "node_modules/@opencode-ai/cli-windows-arm64": {
      "version": "0.0.0-beta-19271",
      "resolved": "https://registry.npmjs.org/@opencode-ai/cli-windows-arm64/-/cli-windows-arm64-0.0.0-beta-19271.tgz",
      "integrity": "sha512-F6QdhjWxORYAjK0vFeYAYgiiSedCxdsxUrqfiUPGxE59odc1IVBamcQ+/yJUsqy9wf11CSB/YnOT8FPIy8Nxww==",
      "cpu": [
        "arm64"
      ],
      "license": "MIT",
      "optional": true,
      "os": [
        "win32"
      ]
    },
    "node_modules/@opencode-ai/cli-windows-x64": {
      "version": "0.0.0-beta-19271",
      "resolved": "https://registry.npmjs.org/@opencode-ai/cli-windows-x64/-/cli-windows-x64-0.0.0-beta-19271.tgz",
      "integrity": "sha512-tmKBQTkXOY4dsLdK3vUxVmVt62y9/cn9L5uo/wjglCENlZ55Z+NacC9bUI7i9JBj3DyOwqbmDkari+qO79tong==",
      "cpu": [
        "x64"
      ],
      "license": "MIT",
      "optional": true,
      "os": [
        "win32"
      ]
    },
    "node_modules/@opencode-ai/cli-windows-x64-baseline": {
      "version": "0.0.0-beta-19271",
      "resolved": "https://registry.npmjs.org/@opencode-ai/cli-windows-x64-baseline/-/cli-windows-x64-baseline-0.0.0-beta-19271.tgz",
      "integrity": "sha512-8g0h69T2SvaLljSCZmIRzb5GK+3xv9I9a2vYjVfZK2lQmWs9QaXNqkOwsO1msogQNKlLII4omtSaEUt3DnX7gA==",
      "cpu": [
        "x64"
      ],
      "license": "MIT",
      "optional": true,
      "os": [
        "win32"
      ]
    },
    "node_modules/opencode-ai": {
      "version": "1.18.29",
      "resolved": "https://registry.npmjs.org/opencode-ai/-/opencode-ai-1.18.29.tgz",
      "integrity": "sha512-syIDVwlrYTgTOXzZe9SkInJWethbq6l3SNC762UeXyO0a9V0wGfd+U4yACvppwNBnhIsl0j2QPYYCyLpNaSomg==",
      "cpu": [
        "arm64",
        "x64"
      ],
      "hasInstallScript": true,
      "license": "MIT",
      "os": [
        "darwin",
        "linux",
        "win32"
      ],
      "bin": {
        "opencode": "bin/opencode.exe"
      },
      "optionalDependencies": {
        "opencode-darwin-arm64": "1.18.29",
        "opencode-darwin-x64": "1.18.29",
        "opencode-darwin-x64-baseline": "1.18.29",
        "opencode-linux-arm64": "1.18.29",
        "opencode-linux-arm64-musl": "1.18.29",
        "opencode-linux-x64": "1.18.29",
        "opencode-linux-x64-baseline": "1.18.29",
        "opencode-linux-x64-baseline-musl": "1.18.29",
        "opencode-linux-x64-musl": "1.18.29",
        "opencode-windows-arm64": "1.18.29",
        "opencode-windows-x64": "1.18.29",
        "opencode-windows-x64-baseline": "1.18.29"
      }
    },
    "node_modules/opencode-darwin-arm64": {
      "version": "1.18.29",
      "resolved": "https://registry.npmjs.org/opencode-darwin-arm64/-/opencode-darwin-arm64-1.18.29.tgz",
      "integrity": "sha512-EU0qma5GPJXcDp5rENvedSfqJjqxatQW/Qzjs71pR2YdbrSh7YmBwtvnIb2/KIvfQr0DErX4ST14sbBQI2mQdg==",
      "cpu": [
        "arm64"
      ],
      "optional": true,
      "os": [
        "darwin"
      ]
    },
    "node_modules/opencode-darwin-x64": {
      "version": "1.18.29",
      "resolved": "https://registry.npmjs.org/opencode-darwin-x64/-/opencode-darwin-x64-1.18.29.tgz",
      "integrity": "sha512-Soyw5WI5kRI3Wbk5eeuSkMw4x+ScXi3SqzITMsi6rnVX0hsAbFCOmKOieYcd8BKJ1aUTrrG0Vv556CFzekk5Bw==",
      "cpu": [
        "x64"
      ],
      "optional": true,
      "os": [
        "darwin"
      ]
    },
    "node_modules/opencode-darwin-x64-baseline": {
      "version": "1.18.29",
      "resolved": "https://registry.npmjs.org/opencode-darwin-x64-baseline/-/opencode-darwin-x64-baseline-1.18.29.tgz",
      "integrity": "sha512-LJAQWZd4Tixo/IYCM3qYDk+h+OydkcZY6ywL99K67acJzfiAmfzqDKUi7WuQkMrlTCSPoOxkyz3yTPd0GzVeXw==",
      "cpu": [
        "x64"
      ],
      "optional": true,
      "os": [
        "darwin"
      ]
    },
    "node_modules/opencode-linux-arm64": {
      "version": "1.18.29",
      "resolved": "https://registry.npmjs.org/opencode-linux-arm64/-/opencode-linux-arm64-1.18.29.tgz",
      "integrity": "sha512-Lr7XXik5wPJZBV5RW+aR6Uogf1n5GogpB565m+D/jiO/vRXr9LhvCpixgAr1tiwuH1ZfMsqOOlbFQz5jgH3Tqg==",
      "cpu": [
        "arm64"
      ],
      "optional": true,
      "os": [
        "linux"
      ]
    },
    "node_modules/opencode-linux-arm64-musl": {
      "version": "1.18.29",
      "resolved": "https://registry.npmjs.org/opencode-linux-arm64-musl/-/opencode-linux-arm64-musl-1.18.29.tgz",
      "integrity": "sha512-9lNhNvW3FdwbI+BDy/y+0bwIQkbz36u/RVQoZH2tYvWjHkOaf8D+mSuDKbKcFqpLFIbbQona01oYSQZzncZIcQ==",
      "cpu": [
        "arm64"
      ],
      "optional": true,
      "os": [
        "linux"
      ]
    },
    "node_modules/opencode-linux-x64": {
      "version": "1.18.29",
      "resolved": "https://registry.npmjs.org/opencode-linux-x64/-/opencode-linux-x64-1.18.29.tgz",
      "integrity": "sha512-X8/wS/8mzL7Ko0zYYF6RzKax39KkxXDRoimhmzXuo0gPrZX4DQjqBNpPAByBwUjFapk73ZGSVsjDGvoNapBa1Q==",
      "cpu": [
        "x64"
      ],
      "optional": true,
      "os": [
        "linux"
      ]
    },
    "node_modules/opencode-linux-x64-baseline": {
      "version": "1.18.29",
      "resolved": "https://registry.npmjs.org/opencode-linux-x64-baseline/-/opencode-linux-x64-baseline-1.18.29.tgz",
      "integrity": "sha512-AnPvoVjeLC6qBYSeDwmj8fIVeJxspkrh1xAPow5NMSdH7IZZd0auiI2PHIW+0/3B+xfar1Zx1a6yvDd4Wd74Wg==",
      "cpu": [
        "x64"
      ],
      "optional": true,
      "os": [
        "linux"
      ]
    },
    "node_modules/opencode-linux-x64-baseline-musl": {
      "version": "1.18.29",
      "resolved": "https://registry.npmjs.org/opencode-linux-x64-baseline-musl/-/opencode-linux-x64-baseline-musl-1.18.29.tgz",
      "integrity": "sha512-A60ew2Xu0gXPwjPYbXoYtkzpUYaLKpgp8dVU5RJpGhT2NBMWBaEyY8O/pcZJFvhPOoEFP9IYmcF2k8Pj4mjDfA==",
      "cpu": [
        "x64"
      ],
      "optional": true,
      "os": [
        "linux"
      ]
    },
    "node_modules/opencode-linux-x64-musl": {
      "version": "1.18.29",
      "resolved": "https://registry.npmjs.org/opencode-linux-x64-musl/-/opencode-linux-x64-musl-1.18.29.tgz",
      "integrity": "sha512-bGAZ9NFzNOzrXVN9oczd1H+vzLH1aGyYg1ZZNtuZiszxKr8+vTjLnNcjzGJIuc6jtjvlWbfp8l+S5fxCVuQo2A==",
      "cpu": [
        "x64"
      ],
      "optional": true,
      "os": [
        "linux"
      ]
    },
    "node_modules/opencode-windows-arm64": {
      "version": "1.18.29",
      "resolved": "https://registry.npmjs.org/opencode-windows-arm64/-/opencode-windows-arm64-1.18.29.tgz",
      "integrity": "sha512-LwDli4EeZIGNnq8vJ9/uLIvsxAY0zLi6+54KsmOk8E1w7121axXpJ/5TpCg4LvmsNXwRKenKJgWzqoDBhy/2mw==",
      "cpu": [
        "arm64"
      ],
      "optional": true,
      "os": [
        "win32"
      ]
    },
    "node_modules/opencode-windows-x64": {
      "version": "1.18.29",
      "resolved": "https://registry.npmjs.org/opencode-windows-x64/-/opencode-windows-x64-1.18.29.tgz",
      "integrity": "sha512-xtWiZNMiwFtBl7q9yMG+XK/BTYGfgFoHLDx4ruWVYCoxjV0NYwjJi6rB9B3xIVbTclzu81YLKNFcT3kNBEG9Yw==",
      "cpu": [
        "x64"
      ],
      "optional": true,
      "os": [
        "win32"
      ]
    },
    "node_modules/opencode-windows-x64-baseline": {
      "version": "1.18.29",
      "resolved": "https://registry.npmjs.org/opencode-windows-x64-baseline/-/opencode-windows-x64-baseline-1.18.29.tgz",
      "integrity": "sha512-rUqqp8zbHq5bc3yWPymQxCHgS2Fax07GoEq/KX1R+FE4XNDgL6R+Q1PFqqVDneLd3l0h5qPb+qqsiiWGGEORlA==",
      "cpu": [
        "x64"
      ],
      "optional": true,
      "os": [
        "win32"
      ]
    }
  }
}
